{
  "lockfileVersion": 1,
  "workspaces": {
    "": {
      "name": "dhtspider",
      "dependencies": {
        "bencode": "^0.9.0",
      },
    },
  },
  "packages": {
    "bencode": ["bencode@0.9.0", "", {}, "sha512-vyB94M60TTU5S3fHv1pnlgMWpXVf0bIjniWQzKyCSXRRdAj17NNpew7ZM5meXAKHucMIuJELmZwiA2UW2ZxAAw=="],
  }
}
